Microsoft Visual Studio Solution File, Format Version 9.00
# Visual C++ Express 2005
Project("{8BC9CEB8-8B4A-11D0-8D11-00A0C91BC942}") = "FFC", "FFC.vcproj", "{DE989E2A-0B58-4F0C-AC11-A833FB142B2C}"
	ProjectSection(ProjectDependencies) = postProject
		{3C763629-4C39-4507-AB6D-38B80780C857} = {3C763629-4C39-4507-AB6D-38B80780C857}
		{8CD94F60-C9B4-434B-ACA9-68C651310F24} = {8CD94F60-C9B4-434B-ACA9-68C651310F24}
		{F385328B-69B2-4E58-B520-9562EFD53AD8} = {F385328B-69B2-4E58-B520-9562EFD53AD8}
		{2C7005B8-6B02-4104-BC98-E3A8372DFEEB} = {2C7005B8-6B02-4104-BC98-E3A8372DFEEB}
	EndProjectSection
EndProject
Project("{8BC9CEB8-8B4A-11D0-8D11-00A0C91BC942}") = "SharedBase", "SharedBase.vcproj", "{F385328B-69B2-4E58-B520-9562EFD53AD8}"
EndProject
Project("{8BC9CEB8-8B4A-11D0-8D11-00A0C91BC942}") = "FFCore", "FFCore.vcproj", "{3C763629-4C39-4507-AB6D-38B80780C857}"
	ProjectSection(ProjectDependencies) = postProject
		{F385328B-69B2-4E58-B520-9562EFD53AD8} = {F385328B-69B2-4E58-B520-9562EFD53AD8}
	EndProjectSection
EndProject
Project("{8BC9CEB8-8B4A-11D0-8D11-00A0C91BC942}") = "FileSystem2", "FileSystem2.vcproj", "{2C7005B8-6B02-4104-BC98-E3A8372DFEEB}"
	ProjectSection(ProjectDependencies) = postProject
		{3C763629-4C39-4507-AB6D-38B80780C857} = {3C763629-4C39-4507-AB6D-38B80780C857}
		{F385328B-69B2-4E58-B520-9562EFD53AD8} = {F385328B-69B2-4E58-B520-9562EFD53AD8}
	EndProjectSection
EndProject
Project("{8BC9CEB8-8B4A-11D0-8D11-00A0C91BC942}") = "GUI2", "GUI2.vcproj", "{8CD94F60-C9B4-434B-ACA9-68C651310F24}"
	ProjectSection(ProjectDependencies) = postProject
		{3C763629-4C39-4507-AB6D-38B80780C857} = {3C763629-4C39-4507-AB6D-38B80780C857}
		{F385328B-69B2-4E58-B520-9562EFD53AD8} = {F385328B-69B2-4E58-B520-9562EFD53AD8}
	EndProjectSection
EndProject
Global
	GlobalSection(SolutionConfigurationPlatforms) = preSolution
		Debug|Win32 = Debug|Win32
		DebugCLR|Win32 = DebugCLR|Win32
		Release|Win32 = Release|Win32
		ReleaseCLR|Win32 = ReleaseCLR|Win32
	EndGlobalSection
	GlobalSection(ProjectConfigurationPlatforms) = postSolution
		{DE989E2A-0B58-4F0C-AC11-A833FB142B2C}.Debug|Win32.ActiveCfg = Debug|Win32
		{DE989E2A-0B58-4F0C-AC11-A833FB142B2C}.Debug|Win32.Build.0 = Debug|Win32
		{DE989E2A-0B58-4F0C-AC11-A833FB142B2C}.DebugCLR|Win32.ActiveCfg = DebugCLR|Win32
		{DE989E2A-0B58-4F0C-AC11-A833FB142B2C}.DebugCLR|Win32.Build.0 = DebugCLR|Win32
		{DE989E2A-0B58-4F0C-AC11-A833FB142B2C}.Release|Win32.ActiveCfg = Release|Win32
		{DE989E2A-0B58-4F0C-AC11-A833FB142B2C}.Release|Win32.Build.0 = Release|Win32
		{DE989E2A-0B58-4F0C-AC11-A833FB142B2C}.ReleaseCLR|Win32.ActiveCfg = ReleaseCLR|Win32
		{DE989E2A-0B58-4F0C-AC11-A833FB142B2C}.ReleaseCLR|Win32.Build.0 = ReleaseCLR|Win32
		{F385328B-69B2-4E58-B520-9562EFD53AD8}.Debug|Win32.ActiveCfg = Debug|Win32
		{F385328B-69B2-4E58-B520-9562EFD53AD8}.Debug|Win32.Build.0 = Debug|Win32
		{F385328B-69B2-4E58-B520-9562EFD53AD8}.DebugCLR|Win32.ActiveCfg = DebugCLR|Win32
		{F385328B-69B2-4E58-B520-9562EFD53AD8}.DebugCLR|Win32.Build.0 = DebugCLR|Win32
		{F385328B-69B2-4E58-B520-9562EFD53AD8}.Release|Win32.ActiveCfg = Release|Win32
		{F385328B-69B2-4E58-B520-9562EFD53AD8}.Release|Win32.Build.0 = Release|Win32
		{F385328B-69B2-4E58-B520-9562EFD53AD8}.ReleaseCLR|Win32.ActiveCfg = ReleaseCLR|Win32
		{F385328B-69B2-4E58-B520-9562EFD53AD8}.ReleaseCLR|Win32.Build.0 = ReleaseCLR|Win32
		{3C763629-4C39-4507-AB6D-38B80780C857}.Debug|Win32.ActiveCfg = Debug|Win32
		{3C763629-4C39-4507-AB6D-38B80780C857}.Debug|Win32.Build.0 = Debug|Win32
		{3C763629-4C39-4507-AB6D-38B80780C857}.DebugCLR|Win32.ActiveCfg = DebugCLR|Win32
		{3C763629-4C39-4507-AB6D-38B80780C857}.DebugCLR|Win32.Build.0 = DebugCLR|Win32
		{3C763629-4C39-4507-AB6D-38B80780C857}.Release|Win32.ActiveCfg = Release|Win32
		{3C763629-4C39-4507-AB6D-38B80780C857}.Release|Win32.Build.0 = Release|Win32
		{3C763629-4C39-4507-AB6D-38B80780C857}.ReleaseCLR|Win32.ActiveCfg = ReleaseCLR|Win32
		{3C763629-4C39-4507-AB6D-38B80780C857}.ReleaseCLR|Win32.Build.0 = ReleaseCLR|Win32
		{2C7005B8-6B02-4104-BC98-E3A8372DFEEB}.Debug|Win32.ActiveCfg = Debug|Win32
		{2C7005B8-6B02-4104-BC98-E3A8372DFEEB}.Debug|Win32.Build.0 = Debug|Win32
		{2C7005B8-6B02-4104-BC98-E3A8372DFEEB}.DebugCLR|Win32.ActiveCfg = DebugCLR|Win32
		{2C7005B8-6B02-4104-BC98-E3A8372DFEEB}.DebugCLR|Win32.Build.0 = DebugCLR|Win32
		{2C7005B8-6B02-4104-BC98-E3A8372DFEEB}.Release|Win32.ActiveCfg = Release|Win32
		{2C7005B8-6B02-4104-BC98-E3A8372DFEEB}.Release|Win32.Build.0 = Release|Win32
		{2C7005B8-6B02-4104-BC98-E3A8372DFEEB}.ReleaseCLR|Win32.ActiveCfg = ReleaseCLR|Win32
		{2C7005B8-6B02-4104-BC98-E3A8372DFEEB}.ReleaseCLR|Win32.Build.0 = ReleaseCLR|Win32
		{8CD94F60-C9B4-434B-ACA9-68C651310F24}.Debug|Win32.ActiveCfg = Debug|Win32
		{8CD94F60-C9B4-434B-ACA9-68C651310F24}.Debug|Win32.Build.0 = Debug|Win32
		{8CD94F60-C9B4-434B-ACA9-68C651310F24}.DebugCLR|Win32.ActiveCfg = DebugCLR|Win32
		{8CD94F60-C9B4-434B-ACA9-68C651310F24}.DebugCLR|Win32.Build.0 = DebugCLR|Win32
		{8CD94F60-C9B4-434B-ACA9-68C651310F24}.Release|Win32.ActiveCfg = Release|Win32
		{8CD94F60-C9B4-434B-ACA9-68C651310F24}.Release|Win32.Build.0 = Release|Win32
		{8CD94F60-C9B4-434B-ACA9-68C651310F24}.ReleaseCLR|Win32.ActiveCfg = ReleaseCLR|Win32
		{8CD94F60-C9B4-434B-ACA9-68C651310F24}.ReleaseCLR|Win32.Build.0 = ReleaseCLR|Win32
	EndGlobalSection
	GlobalSection(SolutionProperties) = preSolution
		HideSolutionNode = FALSE
	EndGlobalSection
EndGlobal
