
Microsoft Visual Studio Solution File, Format Version 9.00
# Visual C++ Express 2005
Project("{8BC9CEB8-8B4A-11D0-8D11-00A0C91BC942}") = "TestApp", "TestApp.vcproj", "{5B048AD7-3392-448A-8D10-C11FA15D7E6A}"
	ProjectSection(ProjectDependencies) = postProject
		{3C763629-4C39-4507-AB6D-38B80780C857} = {3C763629-4C39-4507-AB6D-38B80780C857}
		{2C7005B8-6B02-4104-BC98-E3A8372DFEEB} = {2C7005B8-6B02-4104-BC98-E3A8372DFEEB}
		{92C8B6A4-3E64-4D3E-B79C-9C5C32F95E46} = {92C8B6A4-3E64-4D3E-B79C-9C5C32F95E46}
		{F385328B-69B2-4E58-B520-9562EFD53AD8} = {F385328B-69B2-4E58-B520-9562EFD53AD8}
	EndProjectSection
EndProject
Project("{8BC9CEB8-8B4A-11D0-8D11-00A0C91BC942}") = "SharedBase", "..\..\SharedBase.vcproj", "{F385328B-69B2-4E58-B520-9562EFD53AD8}"
EndProject
Project("{8BC9CEB8-8B4A-11D0-8D11-00A0C91BC942}") = "FFCore", "..\..\FFCore.vcproj", "{3C763629-4C39-4507-AB6D-38B80780C857}"
	ProjectSection(ProjectDependencies) = postProject
		{F385328B-69B2-4E58-B520-9562EFD53AD8} = {F385328B-69B2-4E58-B520-9562EFD53AD8}
	EndProjectSection
EndProject
Project("{8BC9CEB8-8B4A-11D0-8D11-00A0C91BC942}") = "Engine", "..\..\Engine.vcproj", "{92C8B6A4-3E64-4D3E-B79C-9C5C32F95E46}"
	ProjectSection(ProjectDependencies) = postProject
		{3C763629-4C39-4507-AB6D-38B80780C857} = {3C763629-4C39-4507-AB6D-38B80780C857}
		{2C7005B8-6B02-4104-BC98-E3A8372DFEEB} = {2C7005B8-6B02-4104-BC98-E3A8372DFEEB}
		{F385328B-69B2-4E58-B520-9562EFD53AD8} = {F385328B-69B2-4E58-B520-9562EFD53AD8}
	EndProjectSection
EndProject
Project("{8BC9CEB8-8B4A-11D0-8D11-00A0C91BC942}") = "FileSystem2", "..\..\FileSystem2.vcproj", "{2C7005B8-6B02-4104-BC98-E3A8372DFEEB}"
	ProjectSection(ProjectDependencies) = postProject
		{3C763629-4C39-4507-AB6D-38B80780C857} = {3C763629-4C39-4507-AB6D-38B80780C857}
		{F385328B-69B2-4E58-B520-9562EFD53AD8} = {F385328B-69B2-4E58-B520-9562EFD53AD8}
	EndProjectSection
EndProject
Global
	GlobalSection(SolutionConfigurationPlatforms) = preSolution
		Debug|Win32 = Debug|Win32
		Release|Win32 = Release|Win32
	EndGlobalSection
	GlobalSection(ProjectConfigurationPlatforms) = postSolution
		{5B048AD7-3392-448A-8D10-C11FA15D7E6A}.Debug|Win32.ActiveCfg = Debug|Win32
		{5B048AD7-3392-448A-8D10-C11FA15D7E6A}.Debug|Win32.Build.0 = Debug|Win32
		{5B048AD7-3392-448A-8D10-C11FA15D7E6A}.Release|Win32.ActiveCfg = Release|Win32
		{5B048AD7-3392-448A-8D10-C11FA15D7E6A}.Release|Win32.Build.0 = Release|Win32
		{F385328B-69B2-4E58-B520-9562EFD53AD8}.Debug|Win32.ActiveCfg = Debug|Win32
		{F385328B-69B2-4E58-B520-9562EFD53AD8}.Debug|Win32.Build.0 = Debug|Win32
		{F385328B-69B2-4E58-B520-9562EFD53AD8}.Release|Win32.ActiveCfg = Release|Win32
		{F385328B-69B2-4E58-B520-9562EFD53AD8}.Release|Win32.Build.0 = Release|Win32
		{3C763629-4C39-4507-AB6D-38B80780C857}.Debug|Win32.ActiveCfg = Debug|Win32
		{3C763629-4C39-4507-AB6D-38B80780C857}.Debug|Win32.Build.0 = Debug|Win32
		{3C763629-4C39-4507-AB6D-38B80780C857}.Release|Win32.ActiveCfg = Release|Win32
		{3C763629-4C39-4507-AB6D-38B80780C857}.Release|Win32.Build.0 = Release|Win32
		{92C8B6A4-3E64-4D3E-B79C-9C5C32F95E46}.Debug|Win32.ActiveCfg = Debug|Win32
		{92C8B6A4-3E64-4D3E-B79C-9C5C32F95E46}.Debug|Win32.Build.0 = Debug|Win32
		{92C8B6A4-3E64-4D3E-B79C-9C5C32F95E46}.Release|Win32.ActiveCfg = Release|Win32
		{92C8B6A4-3E64-4D3E-B79C-9C5C32F95E46}.Release|Win32.Build.0 = Release|Win32
		{2C7005B8-6B02-4104-BC98-E3A8372DFEEB}.Debug|Win32.ActiveCfg = Debug|Win32
		{2C7005B8-6B02-4104-BC98-E3A8372DFEEB}.Debug|Win32.Build.0 = Debug|Win32
		{2C7005B8-6B02-4104-BC98-E3A8372DFEEB}.Release|Win32.ActiveCfg = Release|Win32
		{2C7005B8-6B02-4104-BC98-E3A8372DFEEB}.Release|Win32.Build.0 = Release|Win32
	EndGlobalSection
	GlobalSection(SolutionProperties) = preSolution
		HideSolutionNode = FALSE
	EndGlobalSection
EndGlobal
